// !$*UTF8*$!
{
	archiveVersion = 1;
	classes = {
	};
	objectVersion = 48;
	objects = {

/* Begin PBXBuildFile section */
		10037D9F22FFF1D100C4BEA6 /* ViewTwoController.swift in Sources */ = {isa = PBXBuildFile; fileRef = 10037D9E22FFF1D100C4BEA6 /* ViewTwoController.swift */; };
		1064E7C8C9980ACEB3377FEC /* Pods_jour.framework in Frameworks */ = {isa = PBXBuildFile; fileRef = 5B205FC7893457808378039B /* Pods_jour.framework */; };
		1076F31E22FFBD7600F96A4D /* AppDelegate.swift in Sources */ = {isa = PBXBuildFile; fileRef = 1076F31D22FFBD7600F96A4D /* AppDelegate.swift */; };
		1076F32022FFBD7600F96A4D /* ViewController.swift in Sources */ = {isa = PBXBuildFile; fileRef = 1076F31F22FFBD7600F96A4D /* ViewController.swift */; };
		1076F32322FFBD7600F96A4D /* Main.storyboard in Resources */ = {isa = PBXBuildFile; fileRef = 1076F32122FFBD7600F96A4D /* Main.storyboard */; };
		1076F32522FFBD7600F96A4D /* Assets.xcassets in Resources */ = {isa = PBXBuildFile; fileRef = 1076F32422FFBD7600F96A4D /* Assets.xcassets */; };
		1076F32822FFBD7600F96A4D /* LaunchScreen.storyboard in Resources */ = {isa = PBXBuildFile; fileRef = 1076F32622FFBD7600F96A4D /* LaunchScreen.storyboard */; };
		1076F33322FFBD7600F96A4D /* jourTests.swift in Sources */ = {isa = PBXBuildFile; fileRef = 1076F33222FFBD7600F96A4D /* jourTests.swift */; };
		1076F33E22FFBD7600F96A4D /* jourUITests.swift in Sources */ = {isa = PBXBuildFile; fileRef = 1076F33D22FFBD7600F96A4D /* jourUITests.swift */; };
		1A329F30259E0348C512CA2C /* Pods_jourTests.framework in Frameworks */ = {isa = PBXBuildFile; fileRef = DBF2E9BDFA318DD54CE486A7 /* Pods_jourTests.framework */; };
		6713DF43BA19EDA5606A83F0 /* Pods_jourUITests.framework in Frameworks */ = {isa = PBXBuildFile; fileRef = 78AAEDA310B73489DAEFFEE8 /* Pods_jourUITests.framework */; };
/* End PBXBuildFile section */

/* Begin PBXContainerItemProxy section */
		1076F32F22FFBD7600F96A4D /* PBXContainerItemProxy */ = {
			isa = PBXContainerItemProxy;
			containerPortal = 1076F31222FFBD7600F96A4D /* Project object */;
			proxyType = 1;
			remoteGlobalIDString = 1076F31922FFBD7600F96A4D;
			remoteInfo = jour;
		};
		1076F33A22FFBD7600F96A4D /* PBXContainerItemProxy */ = {
			isa = PBXContainerItemProxy;
			containerPortal = 1076F31222FFBD7600F96A4D /* Project object */;
			proxyType = 1;
			remoteGlobalIDString = 1076F31922FFBD7600F96A4D;
			remoteInfo = jour;
		};
/* End PBXContainerItemProxy section */

/* Begin PBXFileReference section */
		0D9F5FFA66BB1F8DB9D37B97 /* Pods-jourUITests.debug.xcconfig */ = {isa = PBXFileReference; includeInIndex = 1; lastKnownFileType = text.xcconfig; name = "Pods-jourUITests.debug.xcconfig"; path = "Target Support Files/Pods-jourUITests/Pods-jourUITests.debug.xcconfig"; sourceTree = "<group>"; };
		10037D9E22FFF1D100C4BEA6 /* ViewTwoController.swift */ = {isa = PBXFileReference; lastKnownFileType = sourcecode.swift; path = ViewTwoController.swift; sourceTree = "<group>"; };
		1076F31A22FFBD7600F96A4D /* jour.app */ = {isa = PBXFileReference; explicitFileType = wrapper.application; includeInIndex = 0; path = jour.app; sourceTree = BUILT_PRODUCTS_DIR; };
		1076F31D22FFBD7600F96A4D /* AppDelegate.swift */ = {isa = PBXFileReference; lastKnownFileType = sourcecode.swift; path = AppDelegate.swift; sourceTree = "<group>"; };
		1076F31F22FFBD7600F96A4D /* ViewController.swift */ = {isa = PBXFileReference; lastKnownFileType = sourcecode.swift; path = ViewController.swift; sourceTree = "<group>"; };
		1076F32222FFBD7600F96A4D /* Base */ = {isa = PBXFileReference; lastKnownFileType = file.storyboard; name = Base; path = Base.lproj/Main.storyboard; sourceTree = "<group>"; };
		1076F32422FFBD7600F96A4D /* Assets.xcassets */ = {isa = PBXFileReference; lastKnownFileType = folder.assetcatalog; path = Assets.xcassets; sourceTree = "<group>"; };
		1076F32722FFBD7600F96A4D /* Base */ = {isa = PBXFileReference; lastKnownFileType = file.storyboard; name = Base; path = Base.lproj/LaunchScreen.storyboard; sourceTree = "<group>"; };
		1076F32922FFBD7600F96A4D /* Info.plist */ = {isa = PBXFileReference; lastKnownFileType = text.plist.xml; path = Info.plist; sourceTree = "<group>"; };
		1076F32E22FFBD7600F96A4D /* jourTests.xctest */ = {isa = PBXFileReference; explicitFileType = wrapper.cfbundle; includeInIndex = 0; path = jourTests.xctest; sourceTree = BUILT_PRODUCTS_DIR; };
		1076F33222FFBD7600F96A4D /* jourTests.swift */ = {isa = PBXFileReference; lastKnownFileType = sourcecode.swift; path = jourTests.swift; sourceTree = "<group>"; };
		1076F33422FFBD7600F96A4D /* Info.plist */ = {isa = PBXFileReference; lastKnownFileType = text.plist.xml; path = Info.plist; sourceTree = "<group>"; };
		1076F33922FFBD7600F96A4D /* jourUITests.xctest */ = {isa = PBXFileReference; explicitFileType = wrapper.cfbundle; includeInIndex = 0; path = jourUITests.xctest; sourceTree = BUILT_PRODUCTS_DIR; };
		1076F33D22FFBD7600F96A4D /* jourUITests.swift */ = {isa = PBXFileReference; lastKnownFileType = sourcecode.swift; path = jourUITests.swift; sourceTree = "<group>"; };
		1076F33F22FFBD7600F96A4D /* Info.plist */ = {isa = PBXFileReference; lastKnownFileType = text.plist.xml; path = Info.plist; sourceTree = "<group>"; };
		5B205FC7893457808378039B /* Pods_jour.framework */ = {isa = PBXFileReference; explicitFileType = wrapper.framework; includeInIndex = 0; path = Pods_jour.framework; sourceTree = BUILT_PRODUCTS_DIR; };
		62A3434C4A54453F8374FF6E /* Pods-jour.release.xcconfig */ = {isa = PBXFileReference; includeInIndex = 1; lastKnownFileType = text.xcconfig; name = "Pods-jour.release.xcconfig"; path = "Target Support Files/Pods-jour/Pods-jour.release.xcconfig"; sourceTree = "<group>"; };
		78AAEDA310B73489DAEFFEE8 /* Pods_jourUITests.framework */ = {isa = PBXFileReference; explicitFileType = wrapper.framework; includeInIndex = 0; path = Pods_jourUITests.framework; sourceTree = BUILT_PRODUCTS_DIR; };
		8BC1104E23F384DAA626C085 /* Pods-jour.debug.xcconfig */ = {isa = PBXFileReference; includeInIndex = 1; lastKnownFileType = text.xcconfig; name = "Pods-jour.debug.xcconfig"; path = "Target Support Files/Pods-jour/Pods-jour.debug.xcconfig"; sourceTree = "<group>"; };
		97380F7084324E5B5769E468 /* Pods-jourUITests.release.xcconfig */ = {isa = PBXFileReference; includeInIndex = 1; lastKnownFileType = text.xcconfig; name = "Pods-jourUITests.release.xcconfig"; path = "Target Support Files/Pods-jourUITests/Pods-jourUITests.release.xcconfig"; sourceTree = "<group>"; };
		BF895B51336AAD2CCA100F9E /* Pods-jourTests.debug.xcconfig */ = {isa = PBXFileReference; includeInIndex = 1; lastKnownFileType = text.xcconfig; name = "Pods-jourTests.debug.xcconfig"; path = "Target Support Files/Pods-jourTests/Pods-jourTests.debug.xcconfig"; sourceTree = "<group>"; };
		D6DD3AE19D37EC7BAB97F990 /* Pods-jourTests.release.xcconfig */ = {isa = PBXFileReference; includeInIndex = 1; lastKnownFileType = text.xcconfig; name = "Pods-jourTests.release.xcconfig"; path = "Target Support Files/Pods-jourTests/Pods-jourTests.release.xcconfig"; sourceTree = "<group>"; };
		DBF2E9BDFA318DD54CE486A7 /* Pods_jourTests.framework */ = {isa = PBXFileReference; explicitFileType = wrapper.framework; includeInIndex = 0; path = Pods_jourTests.framework; sourceTree = BUILT_PRODUCTS_DIR; };
/* End PBXFileReference section */

/* Begin PBXFrameworksBuildPhase section */
		1076F31722FFBD7600F96A4D /* Frameworks */ = {
			isa = PBXFrameworksBuildPhase;
			buildActionMask = 2147483647;
			files = (
				1064E7C8C9980ACEB3377FEC /* Pods_jour.framework in Frameworks */,
			);
			runOnlyForDeploymentPostprocessing = 0;
		};
		1076F32B22FFBD7600F96A4D /* Frameworks */ = {
			isa = PBXFrameworksBuildPhase;
			buildActionMask = 2147483647;
			files = (
				1A329F30259E0348C512CA2C /* Pods_jourTests.framework in Frameworks */,
			);
			runOnlyForDeploymentPostprocessing = 0;
		};
		1076F33622FFBD7600F96A4D /* Frameworks */ = {
			isa = PBXFrameworksBuildPhase;
			buildActionMask = 2147483647;
			files = (
				6713DF43BA19EDA5606A83F0 /* Pods_jourUITests.framework in Frameworks */,
			);
			runOnlyForDeploymentPostprocessing = 0;
		};
/* End PBXFrameworksBuildPhase section */

/* Begin PBXGroup section */
		1076F31122FFBD7600F96A4D = {
			isa = PBXGroup;
			children = (
				1076F31C22FFBD7600F96A4D /* jour */,
				1076F33122FFBD7600F96A4D /* jourTests */,
				1076F33C22FFBD7600F96A4D /* jourUITests */,
				1076F31B22FFBD7600F96A4D /* Products */,
				73F24EB97EA28802591948D7 /* Pods */,
				4A1C59F58D203643903F79A5 /* Frameworks */,
			);
			sourceTree = "<group>";
		};
		1076F31B22FFBD7600F96A4D /* Products */ = {
			isa = PBXGroup;
			children = (
				1076F31A22FFBD7600F96A4D /* jour.app */,
				1076F32E22FFBD7600F96A4D /* jourTests.xctest */,
				1076F33922FFBD7600F96A4D /* jourUITests.xctest */,
			);
			name = Products;
			sourceTree = "<group>";
		};
		1076F31C22FFBD7600F96A4D /* jour */ = {
			isa = PBXGroup;
			children = (
				1076F31D22FFBD7600F96A4D /* AppDelegate.swift */,
				1076F31F22FFBD7600F96A4D /* ViewController.swift */,
				1076F32122FFBD7600F96A4D /* Main.storyboard */,
				1076F32422FFBD7600F96A4D /* Assets.xcassets */,
				1076F32622FFBD7600F96A4D /* LaunchScreen.storyboard */,
				1076F32922FFBD7600F96A4D /* Info.plist */,
				10037D9E22FFF1D100C4BEA6 /* ViewTwoController.swift */,
			);
			path = jour;
			sourceTree = "<group>";
		};
		1076F33122FFBD7600F96A4D /* jourTests */ = {
			isa = PBXGroup;
			children = (
				1076F33222FFBD7600F96A4D /* jourTests.swift */,
				1076F33422FFBD7600F96A4D /* Info.plist */,
			);
			path = jourTests;
			sourceTree = "<group>";
		};
		1076F33C22FFBD7600F96A4D /* jourUITests */ = {
			isa = PBXGroup;
			children = (
				1076F33D22FFBD7600F96A4D /* jourUITests.swift */,
				1076F33F22FFBD7600F96A4D /* Info.plist */,
			);
			path = jourUITests;
			sourceTree = "<group>";
		};
		4A1C59F58D203643903F79A5 /* Frameworks */ = {
			isa = PBXGroup;
			children = (
				5B205FC7893457808378039B /* Pods_jour.framework */,
				DBF2E9BDFA318DD54CE486A7 /* Pods_jourTests.framework */,
				78AAEDA310B73489DAEFFEE8 /* Pods_jourUITests.framework */,
			);
			name = Frameworks;
			sourceTree = "<group>";
		};
		73F24EB97EA28802591948D7 /* Pods */ = {
			isa = PBXGroup;
			children = (
				8BC1104E23F384DAA626C085 /* Pods-jour.debug.xcconfig */,
				62A3434C4A54453F8374FF6E /* Pods-jour.release.xcconfig */,
				BF895B51336AAD2CCA100F9E /* Pods-jourTests.debug.xcconfig */,
				D6DD3AE19D37EC7BAB97F990 /* Pods-jourTests.release.xcconfig */,
				0D9F5FFA66BB1F8DB9D37B97 /* Pods-jourUITests.debug.xcconfig */,
				97380F7084324E5B5769E468 /* Pods-jourUITests.release.xcconfig */,
			);
			name = Pods;
			path = Pods;
			sourceTree = "<group>";
		};
/* End PBXGroup section */

/* Begin PBXNativeTarget section */
		1076F31922FFBD7600F96A4D /* jour */ = {
			isa = PBXNativeTarget;
			buildConfigurationList = 1076F34222FFBD7600F96A4D /* Build configuration list for PBXNativeTarget "jour" */;
			buildPhases = (
				DF3F3BED2FFA75550D1A31EC /* [CP] Check Pods Manifest.lock */,
				1076F31622FFBD7600F96A4D /* Sources */,
				1076F31722FFBD7600F96A4D /* Frameworks */,
				1076F31822FFBD7600F96A4D /* Resources */,
				1234079A2A710D55171111A2 /* [CP] Embed Pods Frameworks */,
			);
			buildRules = (
			);
			dependencies = (
			);
			name = jour;
			productName = jour;
			productReference = 1076F31A22FFBD7600F96A4D /* jour.app */;
			productType = "com.apple.product-type.application";
		};
		1076F32D22FFBD7600F96A4D /* jourTests */ = {
			isa = PBXNativeTarget;
			buildConfigurationList = 1076F34522FFBD7600F96A4D /* Build configuration list for PBXNativeTarget "jourTests" */;
			buildPhases = (
				16980E83B8F971B9ED9B35AF /* [CP] Check Pods Manifest.lock */,
				1076F32A22FFBD7600F96A4D /* Sources */,
				1076F32B22FFBD7600F96A4D /* Frameworks */,
				1076F32C22FFBD7600F96A4D /* Resources */,
			);
			buildRules = (
			);
			dependencies = (
				1076F33022FFBD7600F96A4D /* PBXTargetDependency */,
			);
			name = jourTests;
			productName = jourTests;
			productReference = 1076F32E22FFBD7600F96A4D /* jourTests.xctest */;
			productType = "com.apple.product-type.bundle.unit-test";
		};
		1076F33822FFBD7600F96A4D /* jourUITests */ = {
			isa = PBXNativeTarget;
			buildConfigurationList = 1076F34822FFBD7600F96A4D /* Build configuration list for PBXNativeTarget "jourUITests" */;
			buildPhases = (
				9C8AB8B4EB236D0311B7679A /* [CP] Check Pods Manifest.lock */,
				1076F33522FFBD7600F96A4D /* Sources */,
				1076F33622FFBD7600F96A4D /* Frameworks */,
				1076F33722FFBD7600F96A4D /* Resources */,
			);
			buildRules = (
			);
			dependencies = (
				1076F33B22FFBD7600F96A4D /* PBXTargetDependency */,
			);
			name = jourUITests;
			productName = jourUITests;
			productReference = 1076F33922FFBD7600F96A4D /* jourUITests.xctest */;
			productType = "com.apple.product-type.bundle.ui-testing";
		};
/* End PBXNativeTarget section */

/* Begin PBXProject section */
		1076F31222FFBD7600F96A4D /* Project object */ = {
			isa = PBXProject;
			attributes = {
				LastSwiftUpdateCheck = 0920;
				LastUpgradeCheck = 0920;
				ORGANIZATIONNAME = yusawamu;
				TargetAttributes = {
					1076F31922FFBD7600F96A4D = {
						CreatedOnToolsVersion = 9.2;
						ProvisioningStyle = Automatic;
					};
					1076F32D22FFBD7600F96A4D = {
						CreatedOnToolsVersion = 9.2;
						ProvisioningStyle = Automatic;
						TestTargetID = 1076F31922FFBD7600F96A4D;
					};
					1076F33822FFBD7600F96A4D = {
						CreatedOnToolsVersion = 9.2;
						ProvisioningStyle = Automatic;
						TestTargetID = 1076F31922FFBD7600F96A4D;
					};
				};
			};
			buildConfigurationList = 1076F31522FFBD7600F96A4D /* Build configuration list for PBXProject "jour" */;
			compatibilityVersion = "Xcode 8.0";
			developmentRegion = en;
			hasScannedForEncodings = 0;
			knownRegions = (
				en,
				Base,
			);
			mainGroup = 1076F31122FFBD7600F96A4D;
			productRefGroup = 1076F31B22FFBD7600F96A4D /* Products */;
			projectDirPath = "";
			projectRoot = "";
			targets = (
				1076F31922FFBD7600F96A4D /* jour */,
				1076F32D22FFBD7600F96A4D /* jourTests */,
				1076F33822FFBD7600F96A4D /* jourUITests */,
			);
		};
/* End PBXProject section */

/* Begin PBXResourcesBuildPhase section */
		1076F31822FFBD7600F96A4D /* Resources */ = {
			isa = PBXResourcesBuildPhase;
			buildActionMask = 2147483647;
			files = (
				1076F32822FFBD7600F96A4D /* LaunchScreen.storyboard in Resources */,
				1076F32522FFBD7600F96A4D /* Assets.xcassets in Resources */,
				1076F32322FFBD7600F96A4D /* Main.storyboard in Resources */,
			);
			runOnlyForDeploymentPostprocessing = 0;
		};
		1076F32C22FFBD7600F96A4D /* Resources */ = {
			isa = PBXResourcesBuildPhase;
			buildActionMask = 2147483647;
			files = (
			);
			runOnlyForDeploymentPostprocessing = 0;
		};
		1076F33722FFBD7600F96A4D /* Resources */ = {
			isa = PBXResourcesBuildPhase;
			buildActionMask = 2147483647;
			files = (
			);
			runOnlyForDeploymentPostprocessing = 0;
		};
/* End PBXResourcesBuildPhase section */

/* Begin PBXShellScriptBuildPhase section */
		1234079A2A710D55171111A2 /* [CP] Embed Pods Frameworks */ = {
			isa = PBXShellScriptBuildPhase;
			buildActionMask = 2147483647;
			files = (
			);
			inputPaths = (
				"${PODS_ROOT}/Target Support Files/Pods-jour/Pods-jour-frameworks.sh",
				"${BUILT_PRODUCTS_DIR}/GoogleUtilities/GoogleUtilities.framework",
				"${BUILT_PRODUCTS_DIR}/nanopb/nanopb.framework",
			);
			name = "[CP] Embed Pods Frameworks";
			outputPaths = (
				"${TARGET_BUILD_DIR}/${FRAMEWORKS_FOLDER_PATH}/GoogleUtilities.framework",
				"${TARGET_BUILD_DIR}/${FRAMEWORKS_FOLDER_PATH}/nanopb.framework",
			);
			runOnlyForDeploymentPostprocessing = 0;
			shellPath = /bin/sh;
			shellScript = "\"${PODS_ROOT}/Target Support Files/Pods-jour/Pods-jour-frameworks.sh\"\n";
			showEnvVarsInLog = 0;
		};
		16980E83B8F971B9ED9B35AF /* [CP] Check Pods Manifest.lock */ = {
			isa = PBXShellScriptBuildPhase;
			buildActionMask = 2147483647;
			files = (
			);
			inputFileListPaths = (
			);
			inputPaths = (
				"${PODS_PODFILE_DIR_PATH}/Podfile.lock",
				"${PODS_ROOT}/Manifest.lock",
			);
			name = "[CP] Check Pods Manifest.lock";
			outputFileListPaths = (
			);
			outputPaths = (
				"$(DERIVED_FILE_DIR)/Pods-jourTests-checkManifestLockResult.txt",
			);
			runOnlyForDeploymentPostprocessing = 0;
			shellPath = /bin/sh;
			shellScript = "diff \"${PODS_PODFILE_DIR_PATH}/Podfile.lock\" \"${PODS_ROOT}/Manifest.lock\" > /dev/null\nif [ $? != 0 ] ; then\n    # print error to STDERR\n    echo \"error: The sandbox is not in sync with the Podfile.lock. Run 'pod install' or update your CocoaPods installation.\" >&2\n    exit 1\nfi\n# This output is used by Xcode 'outputs' to avoid re-running this script phase.\necho \"SUCCESS\" > \"${SCRIPT_OUTPUT_FILE_0}\"\n";
			showEnvVarsInLog = 0;
		};
		9C8AB8B4EB236D0311B7679A /* [CP] Check Pods Manifest.lock */ = {
			isa = PBXShellScriptBuildPhase;
			buildActionMask = 2147483647;
			files = (
			);
			inputFileListPaths = (
			);
			inputPaths = (
				"${PODS_PODFILE_DIR_PATH}/Podfile.lock",
				"${PODS_ROOT}/Manifest.lock",
			);
			name = "[CP] Check Pods Manifest.lock";
			outputFileListPaths = (
			);
			outputPaths = (
				"$(DERIVED_FILE_DIR)/Pods-jourUITests-checkManifestLockResult.txt",
			);
			runOnlyForDeploymentPostprocessing = 0;
			shellPath = /bin/sh;
			shellScript = "diff \"${PODS_PODFILE_DIR_PATH}/Podfile.lock\" \"${PODS_ROOT}/Manifest.lock\" > /dev/null\nif [ $? != 0 ] ; then\n    # print error to STDERR\n    echo \"error: The sandbox is not in sync with the Podfile.lock. Run 'pod install' or update your CocoaPods installation.\" >&2\n    exit 1\nfi\n# This output is used by Xcode 'outputs' to avoid re-running this script phase.\necho \"SUCCESS\" > \"${SCRIPT_OUTPUT_FILE_0}\"\n";
			showEnvVarsInLog = 0;
		};
		DF3F3BED2FFA75550D1A31EC /* [CP] Check Pods Manifest.lock */ = {
			isa = PBXShellScriptBuildPhase;
			buildActionMask = 2147483647;
			files = (
			);
			inputFileListPaths = (
			);
			inputPaths = (
				"${PODS_PODFILE_DIR_PATH}/Podfile.lock",
				"${PODS_ROOT}/Manifest.lock",
			);
			name = "[CP] Check Pods Manifest.lock";
			outputFileListPaths = (
			);
			outputPaths = (
				"$(DERIVED_FILE_DIR)/Pods-jour-checkManifestLockResult.txt",
			);
			runOnlyForDeploymentPostprocessing = 0;
			shellPath = /bin/sh;
			shellScript = "diff \"${PODS_PODFILE_DIR_PATH}/Podfile.lock\" \"${PODS_ROOT}/Manifest.lock\" > /dev/null\nif [ $? != 0 ] ; then\n    # print error to STDERR\n    echo \"error: The sandbox is not in sync with the Podfile.lock. Run 'pod install' or update your CocoaPods installation.\" >&2\n    exit 1\nfi\n# This output is used by Xcode 'outputs' to avoid re-running this script phase.\necho \"SUCCESS\" > \"${SCRIPT_OUTPUT_FILE_0}\"\n";
			showEnvVarsInLog = 0;
		};
/* End PBXShellScriptBuildPhase section */

/* Begin PBXSourcesBuildPhase section */
		1076F31622FFBD7600F96A4D /* Sources */ = {
			isa = PBXSourcesBuildPhase;
			buildActionMask = 2147483647;
			files = (
				10037D9F22FFF1D100C4BEA6 /* ViewTwoController.swift in Sources */,
				1076F32022FFBD7600F96A4D /* ViewController.swift in Sources */,
				1076F31E22FFBD7600F96A4D /* AppDelegate.swift in Sources */,
			);
			runOnlyForDeploymentPostprocessing = 0;
		};
		1076F32A22FFBD7600F96A4D /* Sources */ = {
			isa = PBXSourcesBuildPhase;
			buildActionMask = 2147483647;
			files = (
				1076F33322FFBD7600F96A4D /* jourTests.swift in Sources */,
			);
			runOnlyForDeploymentPostprocessing = 0;
		};
		1076F33522FFBD7600F96A4D /* Sources */ = {
			isa = PBXSourcesBuildPhase;
			buildActionMask = 2147483647;
			files = (
				1076F33E22FFBD7600F96A4D /* jourUITests.swift in Sources */,
			);
			runOnlyForDeploymentPostprocessing = 0;
		};
/* End PBXSourcesBuildPhase section */

/* Begin PBXTargetDependency section */
		1076F33022FFBD7600F96A4D /* PBXTargetDependency */ = {
			isa = PBXTargetDependency;
			target = 1076F31922FFBD7600F96A4D /* jour */;
			targetProxy = 1076F32F22FFBD7600F96A4D /* PBXContainerItemProxy */;
		};
		1076F33B22FFBD7600F96A4D /* PBXTargetDependency */ = {
			isa = PBXTargetDependency;
			target = 1076F31922FFBD7600F96A4D /* jour */;
			targetProxy = 1076F33A22FFBD7600F96A4D /* PBXContainerItemProxy */;
		};
/* End PBXTargetDependency section */

/* Begin PBXVariantGroup section */
		1076F32122FFBD7600F96A4D /* Main.storyboard */ = {
			isa = PBXVariantGroup;
			children = (
				1076F32222FFBD7600F96A4D /* Base */,
			);
			name = Main.storyboard;
			sourceTree = "<group>";
		};
		1076F32622FFBD7600F96A4D /* LaunchScreen.storyboard */ = {
			isa = PBXVariantGroup;
			children = (
				1076F32722FFBD7600F96A4D /* Base */,
			);
			name = LaunchScreen.storyboard;
			sourceTree = "<group>";
		};
/* End PBXVariantGroup section */

/* Begin XCBuildConfiguration section */
		1076F34022FFBD7600F96A4D /* Debug */ = {
			isa = XCBuildConfiguration;
			buildSettings = {
				ALWAYS_SEARCH_USER_PATHS = NO;
				CLANG_ANALYZER_NONNULL = YES;
				CLANG_ANALYZER_NUMBER_OBJECT_CONVERSION = YES_AGGRESSIVE;
				CLANG_CXX_LANGUAGE_STANDARD = "gnu++14";
				CLANG_CXX_LIBRARY = "libc++";
				CLANG_ENABLE_MODULES = YES;
				CLANG_ENABLE_OBJC_ARC = YES;
				CLANG_WARN_BLOCK_CAPTURE_AUTORELEASING = YES;
				CLANG_WARN_BOOL_CONVERSION = YES;
				CLANG_WARN_COMMA = YES;
				CLANG_WARN_CONSTANT_CONVERSION = YES;
				CLANG_WARN_DIRECT_OBJC_ISA_USAGE = YES_ERROR;
				CLANG_WARN_DOCUMENTATION_COMMENTS = YES;
				CLANG_WARN_EMPTY_BODY = YES;
				CLANG_WARN_ENUM_CONVERSION = YES;
				CLANG_WARN_INFINITE_RECURSION = YES;
				CLANG_WARN_INT_CONVERSION = YES;
				CLANG_WARN_NON_LITERAL_NULL_CONVERSION = YES;
				CLANG_WARN_OBJC_LITERAL_CONVERSION = YES;
				CLANG_WARN_OBJC_ROOT_CLASS = YES_ERROR;
				CLANG_WARN_RANGE_LOOP_ANALYSIS = YES;
				CLANG_WARN_STRICT_PROTOTYPES = YES;
				CLANG_WARN_SUSPICIOUS_MOVE = YES;
				CLANG_WARN_UNGUARDED_AVAILABILITY = YES_AGGRESSIVE;
				CLANG_WARN_UNREACHABLE_CODE = YES;
				CLANG_WARN__DUPLICATE_METHOD_MATCH = YES;
				CODE_SIGN_IDENTITY = "iPhone Developer";
				COPY_PHASE_STRIP = NO;
				DEBUG_INFORMATION_FORMAT = dwarf;
				ENABLE_STRICT_OBJC_MSGSEND = YES;
				ENABLE_TESTABILITY = YES;
				GCC_C_LANGUAGE_STANDARD = gnu11;
				GCC_DYNAMIC_NO_PIC = NO;
				GCC_NO_COMMON_BLOCKS = YES;
				GCC_OPTIMIZATION_LEVEL = 0;
				GCC_PREPROCESSOR_DEFINITIONS = (
					"DEBUG=1",
					"$(inherited)",
				);
				GCC_WARN_64_TO_32_BIT_CONVERSION = YES;
				GCC_WARN_ABOUT_RETURN_TYPE = YES_ERROR;
				GCC_WARN_UNDECLARED_SELECTOR = YES;
				GCC_WARN_UNINITIALIZED_AUTOS = YES_AGGRESSIVE;
				GCC_WARN_UNUSED_FUNCTION = YES;
				GCC_WARN_UNUSED_VARIABLE = YES;
				IPHONEOS_DEPLOYMENT_TARGET = 11.2;
				MTL_ENABLE_DEBUG_INFO = YES;
				ONLY_ACTIVE_ARCH = YES;
				SDKROOT = iphoneos;
				SWIFT_ACTIVE_COMPILATION_CONDITIONS = DEBUG;
				SWIFT_OPTIMIZATION_LEVEL = "-Onone";
			};
			name = Debug;
		};
		1076F34122FFBD7600F96A4D /* Release */ = {
			isa = XCBuildConfiguration;
			buildSettings = {
				ALWAYS_SEARCH_USER_PATHS = NO;
				CLANG_ANALYZER_NONNULL = YES;
				CLANG_ANALYZER_NUMBER_OBJECT_CONVERSION = YES_AGGRESSIVE;
				CLANG_CXX_LANGUAGE_STANDARD = "gnu++14";
				CLANG_CXX_LIBRARY = "libc++";
				CLANG_ENABLE_MODULES = YES;
				CLANG_ENABLE_OBJC_ARC = YES;
				CLANG_WARN_BLOCK_CAPTURE_AUTORELEASING = YES;
				CLANG_WARN_BOOL_CONVERSION = YES;
				CLANG_WARN_COMMA = YES;
				CLANG_WARN_CONSTANT_CONVERSION = YES;
				CLANG_WARN_DIRECT_OBJC_ISA_USAGE = YES_ERROR;
				CLANG_WARN_DOCUMENTATION_COMMENTS = YES;
				CLANG_WARN_EMPTY_BODY = YES;
				CLANG_WARN_ENUM_CONVERSION = YES;
				CLANG_WARN_INFINITE_RECURSION = YES;
				CLANG_WARN_INT_CONVERSION = YES;
				CLANG_WARN_NON_LITERAL_NULL_CONVERSION = YES;
				CLANG_WARN_OBJC_LITERAL_CONVERSION = YES;
				CLANG_WARN_OBJC_ROOT_CLASS = YES_ERROR;
				CLANG_WARN_RANGE_LOOP_ANALYSIS = YES;
				CLANG_WARN_STRICT_PROTOTYPES = YES;
				CLANG_WARN_SUSPICIOUS_MOVE = YES;
				CLANG_WARN_UNGUARDED_AVAILABILITY = YES_AGGRESSIVE;
				CLANG_WARN_UNREACHABLE_CODE = YES;
				CLANG_WARN__DUPLICATE_METHOD_MATCH = YES;
				CODE_SIGN_IDENTITY = "iPhone Developer";
				COPY_PHASE_STRIP = NO;
				DEBUG_INFORMATION_FORMAT = "dwarf-with-dsym";
				ENABLE_NS_ASSERTIONS = NO;
				ENABLE_STRICT_OBJC_MSGSEND = YES;
				GCC_C_LANGUAGE_STANDARD = gnu11;
				GCC_NO_COMMON_BLOCKS = YES;
				GCC_WARN_64_TO_32_BIT_CONVERSION = YES;
				GCC_WARN_ABOUT_RETURN_TYPE = YES_ERROR;
				GCC_WARN_UNDECLARED_SELECTOR = YES;
				GCC_WARN_UNINITIALIZED_AUTOS = YES_AGGRESSIVE;
				GCC_WARN_UNUSED_FUNCTION = YES;
				GCC_WARN_UNUSED_VARIABLE = YES;
				IPHONEOS_DEPLOYMENT_TARGET = 11.2;
				MTL_ENABLE_DEBUG_INFO = NO;
				SDKROOT = iphoneos;
				SWIFT_OPTIMIZATION_LEVEL = "-Owholemodule";
				VALIDATE_PRODUCT = YES;
			};
			name = Release;
		};
		1076F34322FFBD7600F96A4D /* Debug */ = {
			isa = XCBuildConfiguration;
			baseConfigurationReference = 8BC1104E23F384DAA626C085 /* Pods-jour.debug.xcconfig */;
			buildSettings = {
				ASSETCATALOG_COMPILER_APPICON_NAME = AppIcon;
				CODE_SIGN_STYLE = Automatic;
				DEVELOPMENT_TEAM = D6B44U69U6;
				INFOPLIST_FILE = jour/Info.plist;
				LD_RUNPATH_SEARCH_PATHS = "$(inherited) @executable_path/Frameworks";
				PRODUCT_BUNDLE_IDENTIFIER = yusawamu.jour;
				PRODUCT_NAME = "$(TARGET_NAME)";
				SWIFT_VERSION = 4.0;
				TARGETED_DEVICE_FAMILY = 1;
			};
			name = Debug;
		};
		1076F34422FFBD7600F96A4D /* Release */ = {
			isa = XCBuildConfiguration;
			baseConfigurationReference = 62A3434C4A54453F8374FF6E /* Pods-jour.release.xcconfig */;
			buildSettings = {
				ASSETCATALOG_COMPILER_APPICON_NAME = AppIcon;
				CODE_SIGN_STYLE = Automatic;
				DEVELOPMENT_TEAM = D6B44U69U6;
				INFOPLIST_FILE = jour/Info.plist;
				LD_RUNPATH_SEARCH_PATHS = "$(inherited) @executable_path/Frameworks";
				PRODUCT_BUNDLE_IDENTIFIER = yusawamu.jour;
				PRODUCT_NAME = "$(TARGET_NAME)";
				SWIFT_VERSION = 4.0;
				TARGETED_DEVICE_FAMILY = 1;
			};
			name = Release;
		};
		1076F34622FFBD7600F96A4D /* Debug */ = {
			isa = XCBuildConfiguration;
			baseConfigurationReference = BF895B51336AAD2CCA100F9E /* Pods-jourTests.debug.xcconfig */;
			buildSettings = {
				ALWAYS_EMBED_SWIFT_STANDARD_LIBRARIES = YES;
				BUNDLE_LOADER = "$(TEST_HOST)";
				CODE_SIGN_STYLE = Automatic;
				INFOPLIST_FILE = jourTests/Info.plist;
				LD_RUNPATH_SEARCH_PATHS = "$(inherited) @executable_path/Frameworks @loader_path/Frameworks";
				PRODUCT_BUNDLE_IDENTIFIER = yusawamu.jourTests;
				PRODUCT_NAME = "$(TARGET_NAME)";
				SWIFT_VERSION = 4.0;
				TARGETED_DEVICE_FAMILY = "1,2";
				TEST_HOST = "$(BUILT_PRODUCTS_DIR)/jour.app/jour";
			};
			name = Debug;
		};
		1076F34722FFBD7600F96A4D /* Release */ = {
			isa = XCBuildConfiguration;
			baseConfigurationReference = D6DD3AE19D37EC7BAB97F990 /* Pods-jourTests.release.xcconfig */;
			buildSettings = {
				ALWAYS_EMBED_SWIFT_STANDARD_LIBRARIES = YES;
				BUNDLE_LOADER = "$(TEST_HOST)";
				CODE_SIGN_STYLE = Automatic;
				INFOPLIST_FILE = jourTests/Info.plist;
				LD_RUNPATH_SEARCH_PATHS = "$(inherited) @executable_path/Frameworks @loader_path/Frameworks";
				PRODUCT_BUNDLE_IDENTIFIER = yusawamu.jourTests;
				PRODUCT_NAME = "$(TARGET_NAME)";
				SWIFT_VERSION = 4.0;
				TARGETED_DEVICE_FAMILY = "1,2";
				TEST_HOST = "$(BUILT_PRODUCTS_DIR)/jour.app/jour";
			};
			name = Release;
		};
		1076F34922FFBD7600F96A4D /* Debug */ = {
			isa = XCBuildConfiguration;
			baseConfigurationReference = 0D9F5FFA66BB1F8DB9D37B97 /* Pods-jourUITests.debug.xcconfig */;
			buildSettings = {
				ALWAYS_EMBED_SWIFT_STANDARD_LIBRARIES = YES;
				CODE_SIGN_STYLE = Automatic;
				INFOPLIST_FILE = jourUITests/Info.plist;
				LD_RUNPATH_SEARCH_PATHS = "$(inherited) @executable_path/Frameworks @loader_path/Frameworks";
				PRODUCT_BUNDLE_IDENTIFIER = yusawamu.jourUITests;
				PRODUCT_NAME = "$(TARGET_NAME)";
				SWIFT_VERSION = 4.0;
				TARGETED_DEVICE_FAMILY = "1,2";
				TEST_TARGET_NAME = jour;
			};
			name = Debug;
		};
		1076F34A22FFBD7600F96A4D /* Release */ = {
			isa = XCBuildConfiguration;
			baseConfigurationReference = 97380F7084324E5B5769E468 /* Pods-jourUITests.release.xcconfig */;
			buildSettings = {
				ALWAYS_EMBED_SWIFT_STANDARD_LIBRARIES = YES;
				CODE_SIGN_STYLE = Automatic;
				INFOPLIST_FILE = jourUITests/Info.plist;
				LD_RUNPATH_SEARCH_PATHS = "$(inherited) @executable_path/Frameworks @loader_path/Frameworks";
				PRODUCT_BUNDLE_IDENTIFIER = yusawamu.jourUITests;
				PRODUCT_NAME = "$(TARGET_NAME)";
				SWIFT_VERSION = 4.0;
				TARGETED_DEVICE_FAMILY = "1,2";
				TEST_TARGET_NAME = jour;
			};
			name = Release;
		};
/* End XCBuildConfiguration section */

/* Begin XCConfigurationList section */
		1076F31522FFBD7600F96A4D /* Build configuration list for PBXProject "jour" */ = {
			isa = XCConfigurationList;
			buildConfigurations = (
				1076F34022FFBD7600F96A4D /* Debug */,
				1076F34122FFBD7600F96A4D /* Release */,
			);
			defaultConfigurationIsVisible = 0;
			defaultConfigurationName = Release;
		};
		1076F34222FFBD7600F96A4D /* Build configuration list for PBXNativeTarget "jour" */ = {
			isa = XCConfigurationList;
			buildConfigurations = (
				1076F34322FFBD7600F96A4D /* Debug */,
				1076F34422FFBD7600F96A4D /* Release */,
			);
			defaultConfigurationIsVisible = 0;
			defaultConfigurationName = Release;
		};
		1076F34522FFBD7600F96A4D /* Build configuration list for PBXNativeTarget "jourTests" */ = {
			isa = XCConfigurationList;
			buildConfigurations = (
				1076F34622FFBD7600F96A4D /* Debug */,
				1076F34722FFBD7600F96A4D /* Release */,
			);
			defaultConfigurationIsVisible = 0;
			defaultConfigurationName = Release;
		};
		1076F34822FFBD7600F96A4D /* Build configuration list for PBXNativeTarget "jourUITests" */ = {
			isa = XCConfigurationList;
			buildConfigurations = (
				1076F34922FFBD7600F96A4D /* Debug */,
				1076F34A22FFBD7600F96A4D /* Release */,
			);
			defaultConfigurationIsVisible = 0;
			defaultConfigurationName = Release;
		};
/* End XCConfigurationList section */
	};
	rootObject = 1076F31222FFBD7600F96A4D /* Project object */;
}
